
Microsoft Visual Studio Solution File, Format Version 12.00
# Visual Studio 15
VisualStudioVersion = 15.0.28010.2048
MinimumVisualStudioVersion = 10.0.40219.1
Project("{FAE04EC0-301F-11D3-BF4B-00C04F79EFBC}") = "Nx595eWebApi", "Nx595eWebApi\Nx595eWebApi.csproj", "{1F3DA5AE-3F70-4E8E-8D51-FDBB5F362756}"
EndProject
Global
	GlobalSection(SolutionConfigurationPlatforms) = preSolution
		Debug|Any CPU = Debug|Any CPU
		Release|Any CPU = Release|Any CPU
	EndGlobalSection
	GlobalSection(ProjectConfigurationPlatforms) = postSolution
		{1F3DA5AE-3F70-4E8E-8D51-FDBB5F362756}.Debug|Any CPU.ActiveCfg = Debug|Any CPU
		{1F3DA5AE-3F70-4E8E-8D51-FDBB5F362756}.Debug|Any CPU.Build.0 = Debug|Any CPU
		{1F3DA5AE-3F70-4E8E-8D51-FDBB5F362756}.Release|Any CPU.ActiveCfg = Release|Any CPU
		{1F3DA5AE-3F70-4E8E-8D51-FDBB5F362756}.Release|Any CPU.Build.0 = Release|Any CPU
	EndGlobalSection
	GlobalSection(SolutionProperties) = preSolution
		HideSolutionNode = FALSE
	EndGlobalSection
	GlobalSection(ExtensibilityGlobals) = postSolution
		SolutionGuid = {FB3C6032-A331-46FB-9A53-5F3CCFCA6481}
	EndGlobalSection
EndGlobal
